
Microsoft Visual Studio Solution File, Format Version 12.00
# Visual Studio Version 16
VisualStudioVersion = 16.0.29025.244
MinimumVisualStudioVersion = 10.0.40219.1
Project("{FAE04EC0-301F-11D3-BF4B-00C04F79EFBC}") = "TailwindPhotos-App.Android", "TailwindPhotos-App\TailwindPhotos-App.Android\TailwindPhotos-App.Android.csproj", "{255740B4-1218-4B6C-9C4D-A1D13D780A47}"
EndProject
Project("{FAE04EC0-301F-11D3-BF4B-00C04F79EFBC}") = "TailwindPhotos-App.iOS", "TailwindPhotos-App\TailwindPhotos-App.iOS\TailwindPhotos-App.iOS.csproj", "{EB0997A4-A4E2-499E-B4FA-1B711E24021E}"
EndProject
Project("{9A19103F-16F7-4668-BE54-9A1E7A4F7556}") = "TailwindPhotos-App", "TailwindPhotos-App\TailwindPhotos-App\TailwindPhotos-App.csproj", "{4E3C077B-01C6-425C-8C34-F184EB2732CF}"
EndProject
Project("{FAE04EC0-301F-11D3-BF4B-00C04F79EFBC}") = "TailwindsMailInviter", "TailwindsMailInviter\TailwindsMailInviter.csproj", "{65D5713A-2491-4C3D-87F3-B01FEBAFEF08}"
EndProject
Global
	GlobalSection(SolutionConfigurationPlatforms) = preSolution
		Debug|Any CPU = Debug|Any CPU
		Debug|iPhone = Debug|iPhone
		Debug|iPhoneSimulator = Debug|iPhoneSimulator
		Release|Any CPU = Release|Any CPU
		Release|iPhone = Release|iPhone
		Release|iPhoneSimulator = Release|iPhoneSimulator
	EndGlobalSection
	GlobalSection(ProjectConfigurationPlatforms) = postSolution
		{255740B4-1218-4B6C-9C4D-A1D13D780A47}.Debug|Any CPU.ActiveCfg = Debug|Any CPU
		{255740B4-1218-4B6C-9C4D-A1D13D780A47}.Debug|Any CPU.Build.0 = Debug|Any CPU
		{255740B4-1218-4B6C-9C4D-A1D13D780A47}.Debug|Any CPU.Deploy.0 = Debug|Any CPU
		{255740B4-1218-4B6C-9C4D-A1D13D780A47}.Debug|iPhone.ActiveCfg = Debug|Any CPU
		{255740B4-1218-4B6C-9C4D-A1D13D780A47}.Debug|iPhone.Build.0 = Debug|Any CPU
		{255740B4-1218-4B6C-9C4D-A1D13D780A47}.Debug|iPhone.Deploy.0 = Debug|Any CPU
		{255740B4-1218-4B6C-9C4D-A1D13D780A47}.Debug|iPhoneSimulator.ActiveCfg = Debug|Any CPU
		{255740B4-1218-4B6C-9C4D-A1D13D780A47}.Debug|iPhoneSimulator.Build.0 = Debug|Any CPU
		{255740B4-1218-4B6C-9C4D-A1D13D780A47}.Debug|iPhoneSimulator.Deploy.0 = Debug|Any CPU
		{255740B4-1218-4B6C-9C4D-A1D13D780A47}.Release|Any CPU.ActiveCfg = Release|Any CPU
		{255740B4-1218-4B6C-9C4D-A1D13D780A47}.Release|Any CPU.Build.0 = Release|Any CPU
		{255740B4-1218-4B6C-9C4D-A1D13D780A47}.Release|Any CPU.Deploy.0 = Release|Any CPU
		{255740B4-1218-4B6C-9C4D-A1D13D780A47}.Release|iPhone.ActiveCfg = Release|Any CPU
		{255740B4-1218-4B6C-9C4D-A1D13D780A47}.Release|iPhone.Build.0 = Release|Any CPU
		{255740B4-1218-4B6C-9C4D-A1D13D780A47}.Release|iPhone.Deploy.0 = Release|Any CPU
		{255740B4-1218-4B6C-9C4D-A1D13D780A47}.Release|iPhoneSimulator.ActiveCfg = Release|Any CPU
		{255740B4-1218-4B6C-9C4D-A1D13D780A47}.Release|iPhoneSimulator.Build.0 = Release|Any CPU
		{255740B4-1218-4B6C-9C4D-A1D13D780A47}.Release|iPhoneSimulator.Deploy.0 = Release|Any CPU
		{EB0997A4-A4E2-499E-B4FA-1B711E24021E}.Debug|Any CPU.ActiveCfg = Debug|iPhoneSimulator
		{EB0997A4-A4E2-499E-B4FA-1B711E24021E}.Debug|Any CPU.Build.0 = Debug|iPhoneSimulator
		{EB0997A4-A4E2-499E-B4FA-1B711E24021E}.Debug|Any CPU.Deploy.0 = Debug|iPhoneSimulator
		{EB0997A4-A4E2-499E-B4FA-1B711E24021E}.Debug|iPhone.ActiveCfg = Debug|iPhone
		{EB0997A4-A4E2-499E-B4FA-1B711E24021E}.Debug|iPhone.Build.0 = Debug|iPhone
		{EB0997A4-A4E2-499E-B4FA-1B711E24021E}.Debug|iPhone.Deploy.0 = Debug|iPhone
		{EB0997A4-A4E2-499E-B4FA-1B711E24021E}.Debug|iPhoneSimulator.ActiveCfg = Debug|iPhoneSimulator
		{EB0997A4-A4E2-499E-B4FA-1B711E24021E}.Debug|iPhoneSimulator.Build.0 = Debug|iPhoneSimulator
		{EB0997A4-A4E2-499E-B4FA-1B711E24021E}.Debug|iPhoneSimulator.Deploy.0 = Debug|iPhoneSimulator
		{EB0997A4-A4E2-499E-B4FA-1B711E24021E}.Release|Any CPU.ActiveCfg = Release|iPhone
		{EB0997A4-A4E2-499E-B4FA-1B711E24021E}.Release|Any CPU.Build.0 = Release|iPhone
		{EB0997A4-A4E2-499E-B4FA-1B711E24021E}.Release|Any CPU.Deploy.0 = Release|iPhone
		{EB0997A4-A4E2-499E-B4FA-1B711E24021E}.Release|iPhone.ActiveCfg = Release|iPhone
		{EB0997A4-A4E2-499E-B4FA-1B711E24021E}.Release|iPhone.Build.0 = Release|iPhone
		{EB0997A4-A4E2-499E-B4FA-1B711E24021E}.Release|iPhone.Deploy.0 = Release|iPhone
		{EB0997A4-A4E2-499E-B4FA-1B711E24021E}.Release|iPhoneSimulator.ActiveCfg = Release|iPhoneSimulator
		{EB0997A4-A4E2-499E-B4FA-1B711E24021E}.Release|iPhoneSimulator.Build.0 = Release|iPhoneSimulator
		{EB0997A4-A4E2-499E-B4FA-1B711E24021E}.Release|iPhoneSimulator.Deploy.0 = Release|iPhoneSimulator
		{4E3C077B-01C6-425C-8C34-F184EB2732CF}.Debug|Any CPU.ActiveCfg = Debug|Any CPU
		{4E3C077B-01C6-425C-8C34-F184EB2732CF}.Debug|Any CPU.Build.0 = Debug|Any CPU
		{4E3C077B-01C6-425C-8C34-F184EB2732CF}.Debug|Any CPU.Deploy.0 = Debug|Any CPU
		{4E3C077B-01C6-425C-8C34-F184EB2732CF}.Debug|iPhone.ActiveCfg = Debug|Any CPU
		{4E3C077B-01C6-425C-8C34-F184EB2732CF}.Debug|iPhone.Build.0 = Debug|Any CPU
		{4E3C077B-01C6-425C-8C34-F184EB2732CF}.Debug|iPhone.Deploy.0 = Debug|Any CPU
		{4E3C077B-01C6-425C-8C34-F184EB2732CF}.Debug|iPhoneSimulator.ActiveCfg = Debug|Any CPU
		{4E3C077B-01C6-425C-8C34-F184EB2732CF}.Debug|iPhoneSimulator.Build.0 = Debug|Any CPU
		{4E3C077B-01C6-425C-8C34-F184EB2732CF}.Debug|iPhoneSimulator.Deploy.0 = Debug|Any CPU
		{4E3C077B-01C6-425C-8C34-F184EB2732CF}.Release|Any CPU.ActiveCfg = Release|Any CPU
		{4E3C077B-01C6-425C-8C34-F184EB2732CF}.Release|Any CPU.Build.0 = Release|Any CPU
		{4E3C077B-01C6-425C-8C34-F184EB2732CF}.Release|Any CPU.Deploy.0 = Release|Any CPU
		{4E3C077B-01C6-425C-8C34-F184EB2732CF}.Release|iPhone.ActiveCfg = Release|Any CPU
		{4E3C077B-01C6-425C-8C34-F184EB2732CF}.Release|iPhone.Build.0 = Release|Any CPU
		{4E3C077B-01C6-425C-8C34-F184EB2732CF}.Release|iPhone.Deploy.0 = Release|Any CPU
		{4E3C077B-01C6-425C-8C34-F184EB2732CF}.Release|iPhoneSimulator.ActiveCfg = Release|Any CPU
		{4E3C077B-01C6-425C-8C34-F184EB2732CF}.Release|iPhoneSimulator.Build.0 = Release|Any CPU
		{4E3C077B-01C6-425C-8C34-F184EB2732CF}.Release|iPhoneSimulator.Deploy.0 = Release|Any CPU
		{65D5713A-2491-4C3D-87F3-B01FEBAFEF08}.Debug|Any CPU.ActiveCfg = Debug|Any CPU
		{65D5713A-2491-4C3D-87F3-B01FEBAFEF08}.Debug|Any CPU.Build.0 = Debug|Any CPU
		{65D5713A-2491-4C3D-87F3-B01FEBAFEF08}.Debug|iPhone.ActiveCfg = Debug|Any CPU
		{65D5713A-2491-4C3D-87F3-B01FEBAFEF08}.Debug|iPhone.Build.0 = Debug|Any CPU
		{65D5713A-2491-4C3D-87F3-B01FEBAFEF08}.Debug|iPhoneSimulator.ActiveCfg = Debug|Any CPU
		{65D5713A-2491-4C3D-87F3-B01FEBAFEF08}.Debug|iPhoneSimulator.Build.0 = Debug|Any CPU
		{65D5713A-2491-4C3D-87F3-B01FEBAFEF08}.Release|Any CPU.ActiveCfg = Release|Any CPU
		{65D5713A-2491-4C3D-87F3-B01FEBAFEF08}.Release|Any CPU.Build.0 = Release|Any CPU
		{65D5713A-2491-4C3D-87F3-B01FEBAFEF08}.Release|iPhone.ActiveCfg = Release|Any CPU
		{65D5713A-2491-4C3D-87F3-B01FEBAFEF08}.Release|iPhone.Build.0 = Release|Any CPU
		{65D5713A-2491-4C3D-87F3-B01FEBAFEF08}.Release|iPhoneSimulator.ActiveCfg = Release|Any CPU
		{65D5713A-2491-4C3D-87F3-B01FEBAFEF08}.Release|iPhoneSimulator.Build.0 = Release|Any CPU
	EndGlobalSection
	GlobalSection(SolutionProperties) = preSolution
		HideSolutionNode = FALSE
	EndGlobalSection
	GlobalSection(ExtensibilityGlobals) = postSolution
		SolutionGuid = {D3CC4A3E-C268-42BB-8AC6-9357A6040E11}
	EndGlobalSection
EndGlobal
